
Microsoft Visual Studio Solution File, Format Version 12.00
# Visual Studio Version 17
VisualStudioVersion = 17.0.31717.71
MinimumVisualStudioVersion = 10.0.40219.1
Project("{2150E333-8FDC-42A3-9474-1A3956D46DE8}") = "src", "src", "{03047B95-64D8-42C4-864C-29A11907F8D6}"
EndProject
Project("{2150E333-8FDC-42A3-9474-1A3956D46DE8}") = "test", "test", "{8A1B8699-AD2B-4428-8583-A1BAE54F0DE9}"
EndProject
Project("{FAE04EC0-301F-11D3-BF4B-00C04F79EFBC}") = "ElectronicShopping.Api", "ElectronicShopping.Api\ElectronicShopping.Api.csproj", "{86BFF030-3E69-4182-B6AB-8C47A2A4FE53}"
EndProject
Project("{FAE04EC0-301F-11D3-BF4B-00C04F79EFBC}") = "ElectronicShopping.Api.Tests", "ElectronicShopping.Api.Tests\ElectronicShopping.Api.Tests.csproj", "{B158AE82-2D06-41FA-BF54-C47C6EB6E826}"
EndProject
Global
	GlobalSection(SolutionConfigurationPlatforms) = preSolution
		Debug|Any CPU = Debug|Any CPU
		Release|Any CPU = Release|Any CPU
	EndGlobalSection
	GlobalSection(ProjectConfigurationPlatforms) = postSolution
		{86BFF030-3E69-4182-B6AB-8C47A2A4FE53}.Debug|Any CPU.ActiveCfg = Debug|Any CPU
		{86BFF030-3E69-4182-B6AB-8C47A2A4FE53}.Debug|Any CPU.Build.0 = Debug|Any CPU
		{86BFF030-3E69-4182-B6AB-8C47A2A4FE53}.Release|Any CPU.ActiveCfg = Release|Any CPU
		{86BFF030-3E69-4182-B6AB-8C47A2A4FE53}.Release|Any CPU.Build.0 = Release|Any CPU
		{B158AE82-2D06-41FA-BF54-C47C6EB6E826}.Debug|Any CPU.ActiveCfg = Debug|Any CPU
		{B158AE82-2D06-41FA-BF54-C47C6EB6E826}.Debug|Any CPU.Build.0 = Debug|Any CPU
		{B158AE82-2D06-41FA-BF54-C47C6EB6E826}.Release|Any CPU.ActiveCfg = Release|Any CPU
		{B158AE82-2D06-41FA-BF54-C47C6EB6E826}.Release|Any CPU.Build.0 = Release|Any CPU
	EndGlobalSection
	GlobalSection(SolutionProperties) = preSolution
		HideSolutionNode = FALSE
	EndGlobalSection
	GlobalSection(NestedProjects) = preSolution
		{86BFF030-3E69-4182-B6AB-8C47A2A4FE53} = {03047B95-64D8-42C4-864C-29A11907F8D6}
		{B158AE82-2D06-41FA-BF54-C47C6EB6E826} = {8A1B8699-AD2B-4428-8583-A1BAE54F0DE9}
	EndGlobalSection
	GlobalSection(ExtensibilityGlobals) = postSolution
		SolutionGuid = {D7529AE4-627B-4FC6-A946-FE1401EBB4B1}
	EndGlobalSection
EndGlobal
